// !$*UTF8*$!
{
	archiveVersion = 1;
	classes = {
	};
	objectVersion = 46;
	objects = {

/* Begin PBXBuildFile section */
		511B61C61A986D5500889A8A /* WPClassExtensions.swift in Sources */ = {isa = PBXBuildFile; fileRef = 511B61C51A986D5500889A8A /* WPClassExtensions.swift */; };
		511B61C81A98706E00889A8A /* WPProfileViewController.swift in Sources */ = {isa = PBXBuildFile; fileRef = 511B61C71A98706E00889A8A /* WPProfileViewController.swift */; };
		511B61CA1A993F0500889A8A /* WPUsersTableViewController.swift in Sources */ = {isa = PBXBuildFile; fileRef = 511B61C91A993F0500889A8A /* WPUsersTableViewController.swift */; };
		516B0FC21A95AFC800EF6D47 /* WPAppDelegate.swift in Sources */ = {isa = PBXBuildFile; fileRef = 516B0FC11A95AFC800EF6D47 /* WPAppDelegate.swift */; };
		516B0FC91A95AFC800EF6D47 /* Images.xcassets in Resources */ = {isa = PBXBuildFile; fileRef = 516B0FC81A95AFC800EF6D47 /* Images.xcassets */; };
		516B0FCC1A95AFC800EF6D47 /* LaunchScreen.xib in Resources */ = {isa = PBXBuildFile; fileRef = 516B0FCA1A95AFC800EF6D47 /* LaunchScreen.xib */; };
		516B0FD81A95AFC800EF6D47 /* WaxpackedTests.swift in Sources */ = {isa = PBXBuildFile; fileRef = 516B0FD71A95AFC800EF6D47 /* WaxpackedTests.swift */; };
		516B0FE61A95B3B400EF6D47 /* Bolts.framework in Frameworks */ = {isa = PBXBuildFile; fileRef = 516B0FE11A95B3B400EF6D47 /* Bolts.framework */; };
		516B0FE71A95B3B400EF6D47 /* Parse.framework in Frameworks */ = {isa = PBXBuildFile; fileRef = 516B0FE21A95B3B400EF6D47 /* Parse.framework */; };
		516B0FE81A95B3B400EF6D47 /* ParseCrashReporting.framework in Frameworks */ = {isa = PBXBuildFile; fileRef = 516B0FE31A95B3B400EF6D47 /* ParseCrashReporting.framework */; };
		516B0FE91A95B3B400EF6D47 /* ParseFacebookUtils.framework in Frameworks */ = {isa = PBXBuildFile; fileRef = 516B0FE41A95B3B400EF6D47 /* ParseFacebookUtils.framework */; };
		516B0FEA1A95B3B400EF6D47 /* ParseUI.framework in Frameworks */ = {isa = PBXBuildFile; fileRef = 516B0FE51A95B3B400EF6D47 /* ParseUI.framework */; };
		516B0FF91A95B4DB00EF6D47 /* Accounts.framework in Frameworks */ = {isa = PBXBuildFile; fileRef = 516B0FEC1A95B4DB00EF6D47 /* Accounts.framework */; };
		516B0FFA1A95B4DB00EF6D47 /* AudioToolbox.framework in Frameworks */ = {isa = PBXBuildFile; fileRef = 516B0FED1A95B4DB00EF6D47 /* AudioToolbox.framework */; };
		516B0FFB1A95B4DB00EF6D47 /* CFNetwork.framework in Frameworks */ = {isa = PBXBuildFile; fileRef = 516B0FEE1A95B4DB00EF6D47 /* CFNetwork.framework */; };
		516B0FFC1A95B4DB00EF6D47 /* CoreFoundation.framework in Frameworks */ = {isa = PBXBuildFile; fileRef = 516B0FEF1A95B4DB00EF6D47 /* CoreFoundation.framework */; };
		516B0FFD1A95B4DB00EF6D47 /* CoreGraphics.framework in Frameworks */ = {isa = PBXBuildFile; fileRef = 516B0FF01A95B4DB00EF6D47 /* CoreGraphics.framework */; };
		516B0FFE1A95B4DB00EF6D47 /* CoreLocation.framework in Frameworks */ = {isa = PBXBuildFile; fileRef = 516B0FF11A95B4DB00EF6D47 /* CoreLocation.framework */; };
		516B0FFF1A95B4DB00EF6D47 /* libsqlite3.0.dylib in Frameworks */ = {isa = PBXBuildFile; fileRef = 516B0FF21A95B4DB00EF6D47 /* libsqlite3.0.dylib */; };
		516B10001A95B4DB00EF6D47 /* libz.dylib in Frameworks */ = {isa = PBXBuildFile; fileRef = 516B0FF31A95B4DB00EF6D47 /* libz.dylib */; };
		516B10011A95B4DB00EF6D47 /* MobileCoreServices.framework in Frameworks */ = {isa = PBXBuildFile; fileRef = 516B0FF41A95B4DB00EF6D47 /* MobileCoreServices.framework */; };
		516B10021A95B4DB00EF6D47 /* QuartzCore.framework in Frameworks */ = {isa = PBXBuildFile; fileRef = 516B0FF51A95B4DB00EF6D47 /* QuartzCore.framework */; };
		516B10031A95B4DB00EF6D47 /* Security.framework in Frameworks */ = {isa = PBXBuildFile; fileRef = 516B0FF61A95B4DB00EF6D47 /* Security.framework */; };
		516B10041A95B4DB00EF6D47 /* StoreKit.framework in Frameworks */ = {isa = PBXBuildFile; fileRef = 516B0FF71A95B4DB00EF6D47 /* StoreKit.framework */; };
		516B10051A95B4DB00EF6D47 /* SystemConfiguration.framework in Frameworks */ = {isa = PBXBuildFile; fileRef = 516B0FF81A95B4DB00EF6D47 /* SystemConfiguration.framework */; };
		516B10071A95B67300EF6D47 /* APIKeys.swift in Sources */ = {isa = PBXBuildFile; fileRef = 516B10061A95B67300EF6D47 /* APIKeys.swift */; };
		516B10101A95BBE700EF6D47 /* Social.framework in Frameworks */ = {isa = PBXBuildFile; fileRef = 516B100F1A95BBE700EF6D47 /* Social.framework */; };
		516B10121A95BEA800EF6D47 /* .gitignore in Resources */ = {isa = PBXBuildFile; fileRef = 516B10111A95BEA800EF6D47 /* .gitignore */; };
		516B10241A95C6EB00EF6D47 /* WPHomeTableViewController.swift in Sources */ = {isa = PBXBuildFile; fileRef = 516B10231A95C6EB00EF6D47 /* WPHomeTableViewController.swift */; };
		516B10261A95C70700EF6D47 /* WPLoginSignupViewController.swift in Sources */ = {isa = PBXBuildFile; fileRef = 516B10251A95C70700EF6D47 /* WPLoginSignupViewController.swift */; };
		516B10281A95D52D00EF6D47 /* WPAppGlobalConstants.swift in Sources */ = {isa = PBXBuildFile; fileRef = 516B10271A95D52D00EF6D47 /* WPAppGlobalConstants.swift */; };
/* End PBXBuildFile section */

/* Begin PBXContainerItemProxy section */
		516B0FD21A95AFC800EF6D47 /* PBXContainerItemProxy */ = {
			isa = PBXContainerItemProxy;
			containerPortal = 516B0FB41A95AFC800EF6D47 /* Project object */;
			proxyType = 1;
			remoteGlobalIDString = 516B0FBB1A95AFC800EF6D47;
			remoteInfo = Waxpacked;
		};
/* End PBXContainerItemProxy section */

/* Begin PBXFileReference section */
		511B61C21A96EF0800889A8A /* Waxpacked-Bridging-Header.h */ = {isa = PBXFileReference; lastKnownFileType = sourcecode.c.h; path = "Waxpacked-Bridging-Header.h"; sourceTree = SOURCE_ROOT; };
		511B61C51A986D5500889A8A /* WPClassExtensions.swift */ = {isa = PBXFileReference; fileEncoding = 4; lastKnownFileType = sourcecode.swift; path = WPClassExtensions.swift; sourceTree = "<group>"; };
		511B61C71A98706E00889A8A /* WPProfileViewController.swift */ = {isa = PBXFileReference; fileEncoding = 4; lastKnownFileType = sourcecode.swift; path = WPProfileViewController.swift; sourceTree = "<group>"; };
		511B61C91A993F0500889A8A /* WPUsersTableViewController.swift */ = {isa = PBXFileReference; fileEncoding = 4; lastKnownFileType = sourcecode.swift; path = WPUsersTableViewController.swift; sourceTree = "<group>"; };
		516B0FBC1A95AFC800EF6D47 /* Waxpacked.app */ = {isa = PBXFileReference; explicitFileType = wrapper.application; includeInIndex = 0; path = Waxpacked.app; sourceTree = BUILT_PRODUCTS_DIR; };
		516B0FC01A95AFC800EF6D47 /* Info.plist */ = {isa = PBXFileReference; lastKnownFileType = text.plist.xml; path = Info.plist; sourceTree = "<group>"; };
		516B0FC11A95AFC800EF6D47 /* WPAppDelegate.swift */ = {isa = PBXFileReference; lastKnownFileType = sourcecode.swift; path = WPAppDelegate.swift; sourceTree = "<group>"; };
		516B0FC81A95AFC800EF6D47 /* Images.xcassets */ = {isa = PBXFileReference; lastKnownFileType = folder.assetcatalog; path = Images.xcassets; sourceTree = "<group>"; };
		516B0FCB1A95AFC800EF6D47 /* Base */ = {isa = PBXFileReference; lastKnownFileType = file.xib; name = Base; path = Base.lproj/LaunchScreen.xib; sourceTree = "<group>"; };
		516B0FD11A95AFC800EF6D47 /* WaxpackedTests.xctest */ = {isa = PBXFileReference; explicitFileType = wrapper.cfbundle; includeInIndex = 0; path = WaxpackedTests.xctest; sourceTree = BUILT_PRODUCTS_DIR; };
		516B0FD61A95AFC800EF6D47 /* Info.plist */ = {isa = PBXFileReference; lastKnownFileType = text.plist.xml; path = Info.plist; sourceTree = "<group>"; };
		516B0FD71A95AFC800EF6D47 /* WaxpackedTests.swift */ = {isa = PBXFileReference; lastKnownFileType = sourcecode.swift; path = WaxpackedTests.swift; sourceTree = "<group>"; };
		516B0FE11A95B3B400EF6D47 /* Bolts.framework */ = {isa = PBXFileReference; lastKnownFileType = wrapper.framework; path = Bolts.framework; sourceTree = "<group>"; };
		516B0FE21A95B3B400EF6D47 /* Parse.framework */ = {isa = PBXFileReference; lastKnownFileType = wrapper.framework; path = Parse.framework; sourceTree = "<group>"; };
		516B0FE31A95B3B400EF6D47 /* ParseCrashReporting.framework */ = {isa = PBXFileReference; lastKnownFileType = wrapper.framework; path = ParseCrashReporting.framework; sourceTree = "<group>"; };
		516B0FE41A95B3B400EF6D47 /* ParseFacebookUtils.framework */ = {isa = PBXFileReference; lastKnownFileType = wrapper.framework; path = ParseFacebookUtils.framework; sourceTree = "<group>"; };
		516B0FE51A95B3B400EF6D47 /* ParseUI.framework */ = {isa = PBXFileReference; lastKnownFileType = wrapper.framework; path = ParseUI.framework; sourceTree = "<group>"; };
		516B0FEC1A95B4DB00EF6D47 /* Accounts.framework */ = {isa = PBXFileReference; lastKnownFileType = wrapper.framework; name = Accounts.framework; path = System/Library/Frameworks/Accounts.framework; sourceTree = SDKROOT; };
		516B0FED1A95B4DB00EF6D47 /* AudioToolbox.framework */ = {isa = PBXFileReference; lastKnownFileType = wrapper.framework; name = AudioToolbox.framework; path = System/Library/Frameworks/AudioToolbox.framework; sourceTree = SDKROOT; };
		516B0FEE1A95B4DB00EF6D47 /* CFNetwork.framework */ = {isa = PBXFileReference; lastKnownFileType = wrapper.framework; name = CFNetwork.framework; path = System/Library/Frameworks/CFNetwork.framework; sourceTree = SDKROOT; };
		516B0FEF1A95B4DB00EF6D47 /* CoreFoundation.framework */ = {isa = PBXFileReference; lastKnownFileType = wrapper.framework; name = CoreFoundation.framework; path = System/Library/Frameworks/CoreFoundation.framework; sourceTree = SDKROOT; };
		516B0FF01A95B4DB00EF6D47 /* CoreGraphics.framework */ = {isa = PBXFileReference; lastKnownFileType = wrapper.framework; name = CoreGraphics.framework; path = System/Library/Frameworks/CoreGraphics.framework; sourceTree = SDKROOT; };
		516B0FF11A95B4DB00EF6D47 /* CoreLocation.framework */ = {isa = PBXFileReference; lastKnownFileType = wrapper.framework; name = CoreLocation.framework; path = System/Library/Frameworks/CoreLocation.framework; sourceTree = SDKROOT; };
		516B0FF21A95B4DB00EF6D47 /* libsqlite3.0.dylib */ = {isa = PBXFileReference; lastKnownFileType = "compiled.mach-o.dylib"; name = libsqlite3.0.dylib; path = usr/lib/libsqlite3.0.dylib; sourceTree = SDKROOT; };
		516B0FF31A95B4DB00EF6D47 /* libz.dylib */ = {isa = PBXFileReference; lastKnownFileType = "compiled.mach-o.dylib"; name = libz.dylib; path = usr/lib/libz.dylib; sourceTree = SDKROOT; };
		516B0FF41A95B4DB00EF6D47 /* MobileCoreServices.framework */ = {isa = PBXFileReference; lastKnownFileType = wrapper.framework; name = MobileCoreServices.framework; path = System/Library/Frameworks/MobileCoreServices.framework; sourceTree = SDKROOT; };
		516B0FF51A95B4DB00EF6D47 /* QuartzCore.framework */ = {isa = PBXFileReference; lastKnownFileType = wrapper.framework; name = QuartzCore.framework; path = System/Library/Frameworks/QuartzCore.framework; sourceTree = SDKROOT; };
		516B0FF61A95B4DB00EF6D47 /* Security.framework */ = {isa = PBXFileReference; lastKnownFileType = wrapper.framework; name = Security.framework; path = System/Library/Frameworks/Security.framework; sourceTree = SDKROOT; };
		516B0FF71A95B4DB00EF6D47 /* StoreKit.framework */ = {isa = PBXFileReference; lastKnownFileType = wrapper.framework; name = StoreKit.framework; path = System/Library/Frameworks/StoreKit.framework; sourceTree = SDKROOT; };
		516B0FF81A95B4DB00EF6D47 /* SystemConfiguration.framework */ = {isa = PBXFileReference; lastKnownFileType = wrapper.framework; name = SystemConfiguration.framework; path = System/Library/Frameworks/SystemConfiguration.framework; sourceTree = SDKROOT; };
		516B10061A95B67300EF6D47 /* APIKeys.swift */ = {isa = PBXFileReference; fileEncoding = 4; lastKnownFileType = sourcecode.swift; path = APIKeys.swift; sourceTree = "<group>"; };
		516B100F1A95BBE700EF6D47 /* Social.framework */ = {isa = PBXFileReference; lastKnownFileType = wrapper.framework; name = Social.framework; path = System/Library/Frameworks/Social.framework; sourceTree = SDKROOT; };
		516B10111A95BEA800EF6D47 /* .gitignore */ = {isa = PBXFileReference; fileEncoding = 4; lastKnownFileType = text; path = .gitignore; sourceTree = "<group>"; };
		516B10231A95C6EB00EF6D47 /* WPHomeTableViewController.swift */ = {isa = PBXFileReference; fileEncoding = 4; lastKnownFileType = sourcecode.swift; path = WPHomeTableViewController.swift; sourceTree = "<group>"; };
		516B10251A95C70700EF6D47 /* WPLoginSignupViewController.swift */ = {isa = PBXFileReference; fileEncoding = 4; lastKnownFileType = sourcecode.swift; path = WPLoginSignupViewController.swift; sourceTree = "<group>"; };
		516B10271A95D52D00EF6D47 /* WPAppGlobalConstants.swift */ = {isa = PBXFileReference; fileEncoding = 4; lastKnownFileType = sourcecode.swift; path = WPAppGlobalConstants.swift; sourceTree = "<group>"; };
/* End PBXFileReference section */

/* Begin PBXFrameworksBuildPhase section */
		516B0FB91A95AFC800EF6D47 /* Frameworks */ = {
			isa = PBXFrameworksBuildPhase;
			buildActionMask = 2147483647;
			files = (
				516B10101A95BBE700EF6D47 /* Social.framework in Frameworks */,
				516B0FF91A95B4DB00EF6D47 /* Accounts.framework in Frameworks */,
				516B0FFA1A95B4DB00EF6D47 /* AudioToolbox.framework in Frameworks */,
				516B0FFB1A95B4DB00EF6D47 /* CFNetwork.framework in Frameworks */,
				516B0FFC1A95B4DB00EF6D47 /* CoreFoundation.framework in Frameworks */,
				516B0FFD1A95B4DB00EF6D47 /* CoreGraphics.framework in Frameworks */,
				516B0FFE1A95B4DB00EF6D47 /* CoreLocation.framework in Frameworks */,
				516B0FFF1A95B4DB00EF6D47 /* libsqlite3.0.dylib in Frameworks */,
				516B10001A95B4DB00EF6D47 /* libz.dylib in Frameworks */,
				516B10011A95B4DB00EF6D47 /* MobileCoreServices.framework in Frameworks */,
				516B10021A95B4DB00EF6D47 /* QuartzCore.framework in Frameworks */,
				516B10031A95B4DB00EF6D47 /* Security.framework in Frameworks */,
				516B10041A95B4DB00EF6D47 /* StoreKit.framework in Frameworks */,
				516B10051A95B4DB00EF6D47 /* SystemConfiguration.framework in Frameworks */,
				516B0FE71A95B3B400EF6D47 /* Parse.framework in Frameworks */,
				516B0FE81A95B3B400EF6D47 /* ParseCrashReporting.framework in Frameworks */,
				516B0FEA1A95B3B400EF6D47 /* ParseUI.framework in Frameworks */,
				516B0FE91A95B3B400EF6D47 /* ParseFacebookUtils.framework in Frameworks */,
				516B0FE61A95B3B400EF6D47 /* Bolts.framework in Frameworks */,
			);
			runOnlyForDeploymentPostprocessing = 0;
		};
		516B0FCE1A95AFC800EF6D47 /* Frameworks */ = {
			isa = PBXFrameworksBuildPhase;
			buildActionMask = 2147483647;
			files = (
			);
			runOnlyForDeploymentPostprocessing = 0;
		};
/* End PBXFrameworksBuildPhase section */

/* Begin PBXGroup section */
		516B0FB31A95AFC800EF6D47 = {
			isa = PBXGroup;
			children = (
				516B0FBE1A95AFC800EF6D47 /* Waxpacked */,
				516B0FD41A95AFC800EF6D47 /* WaxpackedTests */,
				516B0FBD1A95AFC800EF6D47 /* Products */,
			);
			sourceTree = "<group>";
		};
		516B0FBD1A95AFC800EF6D47 /* Products */ = {
			isa = PBXGroup;
			children = (
				516B0FBC1A95AFC800EF6D47 /* Waxpacked.app */,
				516B0FD11A95AFC800EF6D47 /* WaxpackedTests.xctest */,
			);
			name = Products;
			sourceTree = "<group>";
		};
		516B0FBE1A95AFC800EF6D47 /* Waxpacked */ = {
			isa = PBXGroup;
			children = (
				516B10271A95D52D00EF6D47 /* WPAppGlobalConstants.swift */,
				516B0FC11A95AFC800EF6D47 /* WPAppDelegate.swift */,
				516B10251A95C70700EF6D47 /* WPLoginSignupViewController.swift */,
				516B10231A95C6EB00EF6D47 /* WPHomeTableViewController.swift */,
				511B61C91A993F0500889A8A /* WPUsersTableViewController.swift */,
				511B61C51A986D5500889A8A /* WPClassExtensions.swift */,
				511B61C71A98706E00889A8A /* WPProfileViewController.swift */,
				516B0FEB1A95B3BD00EF6D47 /* Frameworks */,
				516B0FBF1A95AFC800EF6D47 /* Supporting Files */,
			);
			path = Waxpacked;
			sourceTree = "<group>";
		};
		516B0FBF1A95AFC800EF6D47 /* Supporting Files */ = {
			isa = PBXGroup;
			children = (
				516B0FC81A95AFC800EF6D47 /* Images.xcassets */,
				516B0FCA1A95AFC800EF6D47 /* LaunchScreen.xib */,
				516B10111A95BEA800EF6D47 /* .gitignore */,
				516B0FC01A95AFC800EF6D47 /* Info.plist */,
				511B61C21A96EF0800889A8A /* Waxpacked-Bridging-Header.h */,
				516B10061A95B67300EF6D47 /* APIKeys.swift */,
			);
			name = "Supporting Files";
			sourceTree = "<group>";
		};
		516B0FD41A95AFC800EF6D47 /* WaxpackedTests */ = {
			isa = PBXGroup;
			children = (
				516B0FD71A95AFC800EF6D47 /* WaxpackedTests.swift */,
				516B0FD51A95AFC800EF6D47 /* Supporting Files */,
			);
			path = WaxpackedTests;
			sourceTree = "<group>";
		};
		516B0FD51A95AFC800EF6D47 /* Supporting Files */ = {
			isa = PBXGroup;
			children = (
				516B0FD61A95AFC800EF6D47 /* Info.plist */,
			);
			name = "Supporting Files";
			sourceTree = "<group>";
		};
		516B0FEB1A95B3BD00EF6D47 /* Frameworks */ = {
			isa = PBXGroup;
			children = (
				516B0FEC1A95B4DB00EF6D47 /* Accounts.framework */,
				516B0FED1A95B4DB00EF6D47 /* AudioToolbox.framework */,
				516B0FE11A95B3B400EF6D47 /* Bolts.framework */,
				516B0FEE1A95B4DB00EF6D47 /* CFNetwork.framework */,
				516B0FEF1A95B4DB00EF6D47 /* CoreFoundation.framework */,
				516B0FF01A95B4DB00EF6D47 /* CoreGraphics.framework */,
				516B0FF11A95B4DB00EF6D47 /* CoreLocation.framework */,
				516B0FF21A95B4DB00EF6D47 /* libsqlite3.0.dylib */,
				516B0FF31A95B4DB00EF6D47 /* libz.dylib */,
				516B0FF41A95B4DB00EF6D47 /* MobileCoreServices.framework */,
				516B0FE21A95B3B400EF6D47 /* Parse.framework */,
				516B0FE31A95B3B400EF6D47 /* ParseCrashReporting.framework */,
				516B0FE41A95B3B400EF6D47 /* ParseFacebookUtils.framework */,
				516B0FE51A95B3B400EF6D47 /* ParseUI.framework */,
				516B0FF51A95B4DB00EF6D47 /* QuartzCore.framework */,
				516B0FF61A95B4DB00EF6D47 /* Security.framework */,
				516B100F1A95BBE700EF6D47 /* Social.framework */,
				516B0FF71A95B4DB00EF6D47 /* StoreKit.framework */,
				516B0FF81A95B4DB00EF6D47 /* SystemConfiguration.framework */,
			);
			name = Frameworks;
			sourceTree = "<group>";
		};
/* End PBXGroup section */

/* Begin PBXNativeTarget section */
		516B0FBB1A95AFC800EF6D47 /* Waxpacked */ = {
			isa = PBXNativeTarget;
			buildConfigurationList = 516B0FDB1A95AFC800EF6D47 /* Build configuration list for PBXNativeTarget "Waxpacked" */;
			buildPhases = (
				516B0FB81A95AFC800EF6D47 /* Sources */,
				516B0FB91A95AFC800EF6D47 /* Frameworks */,
				516B0FBA1A95AFC800EF6D47 /* Resources */,
			);
			buildRules = (
			);
			dependencies = (
			);
			name = Waxpacked;
			productName = Waxpacked;
			productReference = 516B0FBC1A95AFC800EF6D47 /* Waxpacked.app */;
			productType = "com.apple.product-type.application";
		};
		516B0FD01A95AFC800EF6D47 /* WaxpackedTests */ = {
			isa = PBXNativeTarget;
			buildConfigurationList = 516B0FDE1A95AFC800EF6D47 /* Build configuration list for PBXNativeTarget "WaxpackedTests" */;
			buildPhases = (
				516B0FCD1A95AFC800EF6D47 /* Sources */,
				516B0FCE1A95AFC800EF6D47 /* Frameworks */,
				516B0FCF1A95AFC800EF6D47 /* Resources */,
			);
			buildRules = (
			);
			dependencies = (
				516B0FD31A95AFC800EF6D47 /* PBXTargetDependency */,
			);
			name = WaxpackedTests;
			productName = WaxpackedTests;
			productReference = 516B0FD11A95AFC800EF6D47 /* WaxpackedTests.xctest */;
			productType = "com.apple.product-type.bundle.unit-test";
		};
/* End PBXNativeTarget section */

/* Begin PBXProject section */
		516B0FB41A95AFC800EF6D47 /* Project object */ = {
			isa = PBXProject;
			attributes = {
				LastUpgradeCheck = 0610;
				ORGANIZATIONNAME = "Jeremy Peronto";
				TargetAttributes = {
					516B0FBB1A95AFC800EF6D47 = {
						CreatedOnToolsVersion = 6.1.1;
					};
					516B0FD01A95AFC800EF6D47 = {
						CreatedOnToolsVersion = 6.1.1;
						TestTargetID = 516B0FBB1A95AFC800EF6D47;
					};
				};
			};
			buildConfigurationList = 516B0FB71A95AFC800EF6D47 /* Build configuration list for PBXProject "Waxpacked" */;
			compatibilityVersion = "Xcode 3.2";
			developmentRegion = English;
			hasScannedForEncodings = 0;
			knownRegions = (
				en,
				Base,
			);
			mainGroup = 516B0FB31A95AFC800EF6D47;
			productRefGroup = 516B0FBD1A95AFC800EF6D47 /* Products */;
			projectDirPath = "";
			projectRoot = "";
			targets = (
				516B0FBB1A95AFC800EF6D47 /* Waxpacked */,
				516B0FD01A95AFC800EF6D47 /* WaxpackedTests */,
			);
		};
/* End PBXProject section */

/* Begin PBXResourcesBuildPhase section */
		516B0FBA1A95AFC800EF6D47 /* Resources */ = {
			isa = PBXResourcesBuildPhase;
			buildActionMask = 2147483647;
			files = (
				516B10121A95BEA800EF6D47 /* .gitignore in Resources */,
				516B0FCC1A95AFC800EF6D47 /* LaunchScreen.xib in Resources */,
				516B0FC91A95AFC800EF6D47 /* Images.xcassets in Resources */,
			);
			runOnlyForDeploymentPostprocessing = 0;
		};
		516B0FCF1A95AFC800EF6D47 /* Resources */ = {
			isa = PBXResourcesBuildPhase;
			buildActionMask = 2147483647;
			files = (
			);
			runOnlyForDeploymentPostprocessing = 0;
		};
/* End PBXResourcesBuildPhase section */

/* Begin PBXSourcesBuildPhase section */
		516B0FB81A95AFC800EF6D47 /* Sources */ = {
			isa = PBXSourcesBuildPhase;
			buildActionMask = 2147483647;
			files = (
				516B10071A95B67300EF6D47 /* APIKeys.swift in Sources */,
				511B61C61A986D5500889A8A /* WPClassExtensions.swift in Sources */,
				516B10241A95C6EB00EF6D47 /* WPHomeTableViewController.swift in Sources */,
				511B61C81A98706E00889A8A /* WPProfileViewController.swift in Sources */,
				516B10261A95C70700EF6D47 /* WPLoginSignupViewController.swift in Sources */,
				516B0FC21A95AFC800EF6D47 /* WPAppDelegate.swift in Sources */,
				511B61CA1A993F0500889A8A /* WPUsersTableViewController.swift in Sources */,
				516B10281A95D52D00EF6D47 /* WPAppGlobalConstants.swift in Sources */,
			);
			runOnlyForDeploymentPostprocessing = 0;
		};
		516B0FCD1A95AFC800EF6D47 /* Sources */ = {
			isa = PBXSourcesBuildPhase;
			buildActionMask = 2147483647;
			files = (
				516B0FD81A95AFC800EF6D47 /* WaxpackedTests.swift in Sources */,
			);
			runOnlyForDeploymentPostprocessing = 0;
		};
/* End PBXSourcesBuildPhase section */

/* Begin PBXTargetDependency section */
		516B0FD31A95AFC800EF6D47 /* PBXTargetDependency */ = {
			isa = PBXTargetDependency;
			target = 516B0FBB1A95AFC800EF6D47 /* Waxpacked */;
			targetProxy = 516B0FD21A95AFC800EF6D47 /* PBXContainerItemProxy */;
		};
/* End PBXTargetDependency section */

/* Begin PBXVariantGroup section */
		516B0FCA1A95AFC800EF6D47 /* LaunchScreen.xib */ = {
			isa = PBXVariantGroup;
			children = (
				516B0FCB1A95AFC800EF6D47 /* Base */,
			);
			name = LaunchScreen.xib;
			sourceTree = "<group>";
		};
/* End PBXVariantGroup section */

/* Begin XCBuildConfiguration section */
		516B0FD91A95AFC800EF6D47 /* Debug */ = {
			isa = XCBuildConfiguration;
			buildSettings = {
				ALWAYS_SEARCH_USER_PATHS = NO;
				CLANG_CXX_LANGUAGE_STANDARD = "gnu++0x";
				CLANG_CXX_LIBRARY = "libc++";
				CLANG_ENABLE_MODULES = YES;
				CLANG_ENABLE_OBJC_ARC = YES;
				CLANG_WARN_BOOL_CONVERSION = YES;
				CLANG_WARN_CONSTANT_CONVERSION = YES;
				CLANG_WARN_DIRECT_OBJC_ISA_USAGE = YES_ERROR;
				CLANG_WARN_EMPTY_BODY = YES;
				CLANG_WARN_ENUM_CONVERSION = YES;
				CLANG_WARN_INT_CONVERSION = YES;
				CLANG_WARN_OBJC_ROOT_CLASS = YES_ERROR;
				CLANG_WARN_UNREACHABLE_CODE = YES;
				CLANG_WARN__DUPLICATE_METHOD_MATCH = YES;
				"CODE_SIGN_IDENTITY[sdk=iphoneos*]" = "iPhone Developer";
				COPY_PHASE_STRIP = NO;
				ENABLE_STRICT_OBJC_MSGSEND = YES;
				GCC_C_LANGUAGE_STANDARD = gnu99;
				GCC_DYNAMIC_NO_PIC = NO;
				GCC_OPTIMIZATION_LEVEL = 0;
				GCC_PREPROCESSOR_DEFINITIONS = (
					"DEBUG=1",
					"$(inherited)",
				);
				GCC_SYMBOLS_PRIVATE_EXTERN = NO;
				GCC_WARN_64_TO_32_BIT_CONVERSION = YES;
				GCC_WARN_ABOUT_RETURN_TYPE = YES_ERROR;
				GCC_WARN_UNDECLARED_SELECTOR = YES;
				GCC_WARN_UNINITIALIZED_AUTOS = YES_AGGRESSIVE;
				GCC_WARN_UNUSED_FUNCTION = YES;
				GCC_WARN_UNUSED_VARIABLE = YES;
				IPHONEOS_DEPLOYMENT_TARGET = 8.1;
				MTL_ENABLE_DEBUG_INFO = YES;
				ONLY_ACTIVE_ARCH = YES;
				SDKROOT = iphoneos;
				SWIFT_OPTIMIZATION_LEVEL = "-Onone";
			};
			name = Debug;
		};
		516B0FDA1A95AFC800EF6D47 /* Release */ = {
			isa = XCBuildConfiguration;
			buildSettings = {
				ALWAYS_SEARCH_USER_PATHS = NO;
				CLANG_CXX_LANGUAGE_STANDARD = "gnu++0x";
				CLANG_CXX_LIBRARY = "libc++";
				CLANG_ENABLE_MODULES = YES;
				CLANG_ENABLE_OBJC_ARC = YES;
				CLANG_WARN_BOOL_CONVERSION = YES;
				CLANG_WARN_CONSTANT_CONVERSION = YES;
				CLANG_WARN_DIRECT_OBJC_ISA_USAGE = YES_ERROR;
				CLANG_WARN_EMPTY_BODY = YES;
				CLANG_WARN_ENUM_CONVERSION = YES;
				CLANG_WARN_INT_CONVERSION = YES;
				CLANG_WARN_OBJC_ROOT_CLASS = YES_ERROR;
				CLANG_WARN_UNREACHABLE_CODE = YES;
				CLANG_WARN__DUPLICATE_METHOD_MATCH = YES;
				"CODE_SIGN_IDENTITY[sdk=iphoneos*]" = "iPhone Developer";
				COPY_PHASE_STRIP = YES;
				ENABLE_NS_ASSERTIONS = NO;
				ENABLE_STRICT_OBJC_MSGSEND = YES;
				GCC_C_LANGUAGE_STANDARD = gnu99;
				GCC_WARN_64_TO_32_BIT_CONVERSION = YES;
				GCC_WARN_ABOUT_RETURN_TYPE = YES_ERROR;
				GCC_WARN_UNDECLARED_SELECTOR = YES;
				GCC_WARN_UNINITIALIZED_AUTOS = YES_AGGRESSIVE;
				GCC_WARN_UNUSED_FUNCTION = YES;
				GCC_WARN_UNUSED_VARIABLE = YES;
				IPHONEOS_DEPLOYMENT_TARGET = 8.1;
				MTL_ENABLE_DEBUG_INFO = NO;
				SDKROOT = iphoneos;
				VALIDATE_PRODUCT = YES;
			};
			name = Release;
		};
		516B0FDC1A95AFC800EF6D47 /* Debug */ = {
			isa = XCBuildConfiguration;
			buildSettings = {
				ASSETCATALOG_COMPILER_APPICON_NAME = AppIcon;
				CLANG_ENABLE_MODULES = YES;
				FRAMEWORK_SEARCH_PATHS = (
					"$(inherited)",
					"$(PROJECT_DIR)/Waxpacked",
				);
				INFOPLIST_FILE = Waxpacked/Info.plist;
				LD_RUNPATH_SEARCH_PATHS = "$(inherited) @executable_path/Frameworks";
				PRODUCT_NAME = "$(TARGET_NAME)";
				SWIFT_OBJC_BRIDGING_HEADER = "Waxpacked-Bridging-Header.h";
				SWIFT_OPTIMIZATION_LEVEL = "-Onone";
			};
			name = Debug;
		};
		516B0FDD1A95AFC800EF6D47 /* Release */ = {
			isa = XCBuildConfiguration;
			buildSettings = {
				ASSETCATALOG_COMPILER_APPICON_NAME = AppIcon;
				CLANG_ENABLE_MODULES = YES;
				FRAMEWORK_SEARCH_PATHS = (
					"$(inherited)",
					"$(PROJECT_DIR)/Waxpacked",
				);
				INFOPLIST_FILE = Waxpacked/Info.plist;
				LD_RUNPATH_SEARCH_PATHS = "$(inherited) @executable_path/Frameworks";
				PRODUCT_NAME = "$(TARGET_NAME)";
				SWIFT_OBJC_BRIDGING_HEADER = "Waxpacked-Bridging-Header.h";
			};
			name = Release;
		};
		516B0FDF1A95AFC800EF6D47 /* Debug */ = {
			isa = XCBuildConfiguration;
			buildSettings = {
				BUNDLE_LOADER = "$(TEST_HOST)";
				FRAMEWORK_SEARCH_PATHS = (
					"$(SDKROOT)/Developer/Library/Frameworks",
					"$(inherited)",
				);
				GCC_PREPROCESSOR_DEFINITIONS = (
					"DEBUG=1",
					"$(inherited)",
				);
				INFOPLIST_FILE = WaxpackedTests/Info.plist;
				LD_RUNPATH_SEARCH_PATHS = "$(inherited) @executable_path/Frameworks @loader_path/Frameworks";
				PRODUCT_NAME = "$(TARGET_NAME)";
				TEST_HOST = "$(BUILT_PRODUCTS_DIR)/Waxpacked.app/Waxpacked";
			};
			name = Debug;
		};
		516B0FE01A95AFC800EF6D47 /* Release */ = {
			isa = XCBuildConfiguration;
			buildSettings = {
				BUNDLE_LOADER = "$(TEST_HOST)";
				FRAMEWORK_SEARCH_PATHS = (
					"$(SDKROOT)/Developer/Library/Frameworks",
					"$(inherited)",
				);
				INFOPLIST_FILE = WaxpackedTests/Info.plist;
				LD_RUNPATH_SEARCH_PATHS = "$(inherited) @executable_path/Frameworks @loader_path/Frameworks";
				PRODUCT_NAME = "$(TARGET_NAME)";
				TEST_HOST = "$(BUILT_PRODUCTS_DIR)/Waxpacked.app/Waxpacked";
			};
			name = Release;
		};
/* End XCBuildConfiguration section */

/* Begin XCConfigurationList section */
		516B0FB71A95AFC800EF6D47 /* Build configuration list for PBXProject "Waxpacked" */ = {
			isa = XCConfigurationList;
			buildConfigurations = (
				516B0FD91A95AFC800EF6D47 /* Debug */,
				516B0FDA1A95AFC800EF6D47 /* Release */,
			);
			defaultConfigurationIsVisible = 0;
			defaultConfigurationName = Release;
		};
		516B0FDB1A95AFC800EF6D47 /* Build configuration list for PBXNativeTarget "Waxpacked" */ = {
			isa = XCConfigurationList;
			buildConfigurations = (
				516B0FDC1A95AFC800EF6D47 /* Debug */,
				516B0FDD1A95AFC800EF6D47 /* Release */,
			);
			defaultConfigurationIsVisible = 0;
			defaultConfigurationName = Release;
		};
		516B0FDE1A95AFC800EF6D47 /* Build configuration list for PBXNativeTarget "WaxpackedTests" */ = {
			isa = XCConfigurationList;
			buildConfigurations = (
				516B0FDF1A95AFC800EF6D47 /* Debug */,
				516B0FE01A95AFC800EF6D47 /* Release */,
			);
			defaultConfigurationIsVisible = 0;
			defaultConfigurationName = Release;
		};
/* End XCConfigurationList section */
	};
	rootObject = 516B0FB41A95AFC800EF6D47 /* Project object */;
}
